// !$*UTF8*$!
{
	archiveVersion = 1;
	classes = {
	};
	objectVersion = 56;
	objects = {

/* Begin PBXBuildFile section */
		D096CBF32AE6F7F700E09D12 /* ZarioTestApp.swift in Sources */ = {isa = PBXBuildFile; fileRef = D096CBF22AE6F7F700E09D12 /* ZarioTestApp.swift */; };
		D096CBF52AE6F7F700E09D12 /* ContentView.swift in Sources */ = {isa = PBXBuildFile; fileRef = D096CBF42AE6F7F700E09D12 /* ContentView.swift */; };
		D096CBF72AE6F7F900E09D12 /* Assets.xcassets in Resources */ = {isa = PBXBuildFile; fileRef = D096CBF62AE6F7F900E09D12 /* Assets.xcassets */; };
		D096CBFA2AE6F7F900E09D12 /* Preview Assets.xcassets in Resources */ = {isa = PBXBuildFile; fileRef = D096CBF92AE6F7F900E09D12 /* Preview Assets.xcassets */; };
		D096CC042AE6F7FA00E09D12 /* ZarioTestTests.swift in Sources */ = {isa = PBXBuildFile; fileRef = D096CC032AE6F7FA00E09D12 /* ZarioTestTests.swift */; };
		D096CC0E2AE6F7FA00E09D12 /* ZarioTestUITests.swift in Sources */ = {isa = PBXBuildFile; fileRef = D096CC0D2AE6F7FA00E09D12 /* ZarioTestUITests.swift */; };
		D096CC102AE6F7FA00E09D12 /* ZarioTestUITestsLaunchTests.swift in Sources */ = {isa = PBXBuildFile; fileRef = D096CC0F2AE6F7FA00E09D12 /* ZarioTestUITestsLaunchTests.swift */; };
/* End PBXBuildFile section */

/* Begin PBXContainerItemProxy section */
		D096CC002AE6F7FA00E09D12 /* PBXContainerItemProxy */ = {
			isa = PBXContainerItemProxy;
			containerPortal = D096CBE72AE6F7F700E09D12 /* Project object */;
			proxyType = 1;
			remoteGlobalIDString = D096CBEE2AE6F7F700E09D12;
			remoteInfo = ZarioTest;
		};
		D096CC0A2AE6F7FA00E09D12 /* PBXContainerItemProxy */ = {
			isa = PBXContainerItemProxy;
			containerPortal = D096CBE72AE6F7F700E09D12 /* Project object */;
			proxyType = 1;
			remoteGlobalIDString = D096CBEE2AE6F7F700E09D12;
			remoteInfo = ZarioTest;
		};
/* End PBXContainerItemProxy section */

/* Begin PBXFileReference section */
		D096CBEF2AE6F7F700E09D12 /* ZarioTest.app */ = {isa = PBXFileReference; explicitFileType = wrapper.application; includeInIndex = 0; path = ZarioTest.app; sourceTree = BUILT_PRODUCTS_DIR; };
		D096CBF22AE6F7F700E09D12 /* ZarioTestApp.swift */ = {isa = PBXFileReference; lastKnownFileType = sourcecode.swift; path = ZarioTestApp.swift; sourceTree = "<group>"; };
		D096CBF42AE6F7F700E09D12 /* ContentView.swift */ = {isa = PBXFileReference; lastKnownFileType = sourcecode.swift; path = ContentView.swift; sourceTree = "<group>"; };
		D096CBF62AE6F7F900E09D12 /* Assets.xcassets */ = {isa = PBXFileReference; lastKnownFileType = folder.assetcatalog; path = Assets.xcassets; sourceTree = "<group>"; };
		D096CBF92AE6F7F900E09D12 /* Preview Assets.xcassets */ = {isa = PBXFileReference; lastKnownFileType = folder.assetcatalog; path = "Preview Assets.xcassets"; sourceTree = "<group>"; };
		D096CBFF2AE6F7FA00E09D12 /* ZarioTestTests.xctest */ = {isa = PBXFileReference; explicitFileType = wrapper.cfbundle; includeInIndex = 0; path = ZarioTestTests.xctest; sourceTree = BUILT_PRODUCTS_DIR; };
		D096CC032AE6F7FA00E09D12 /* ZarioTestTests.swift */ = {isa = PBXFileReference; lastKnownFileType = sourcecode.swift; path = ZarioTestTests.swift; sourceTree = "<group>"; };
		D096CC092AE6F7FA00E09D12 /* ZarioTestUITests.xctest */ = {isa = PBXFileReference; explicitFileType = wrapper.cfbundle; includeInIndex = 0; path = ZarioTestUITests.xctest; sourceTree = BUILT_PRODUCTS_DIR; };
		D096CC0D2AE6F7FA00E09D12 /* ZarioTestUITests.swift */ = {isa = PBXFileReference; lastKnownFileType = sourcecode.swift; path = ZarioTestUITests.swift; sourceTree = "<group>"; };
		D096CC0F2AE6F7FA00E09D12 /* ZarioTestUITestsLaunchTests.swift */ = {isa = PBXFileReference; lastKnownFileType = sourcecode.swift; path = ZarioTestUITestsLaunchTests.swift; sourceTree = "<group>"; };
/* End PBXFileReference section */

/* Begin PBXFrameworksBuildPhase section */
		D096CBEC2AE6F7F700E09D12 /* Frameworks */ = {
			isa = PBXFrameworksBuildPhase;
			buildActionMask = 2147483647;
			files = (
			);
			runOnlyForDeploymentPostprocessing = 0;
		};
		D096CBFC2AE6F7FA00E09D12 /* Frameworks */ = {
			isa = PBXFrameworksBuildPhase;
			buildActionMask = 2147483647;
			files = (
			);
			runOnlyForDeploymentPostprocessing = 0;
		};
		D096CC062AE6F7FA00E09D12 /* Frameworks */ = {
			isa = PBXFrameworksBuildPhase;
			buildActionMask = 2147483647;
			files = (
			);
			runOnlyForDeploymentPostprocessing = 0;
		};
/* End PBXFrameworksBuildPhase section */

/* Begin PBXGroup section */
		D096CBE62AE6F7F700E09D12 = {
			isa = PBXGroup;
			children = (
				D096CBF12AE6F7F700E09D12 /* ZarioTest */,
				D096CC022AE6F7FA00E09D12 /* ZarioTestTests */,
				D096CC0C2AE6F7FA00E09D12 /* ZarioTestUITests */,
				D096CBF02AE6F7F700E09D12 /* Products */,
			);
			sourceTree = "<group>";
		};
		D096CBF02AE6F7F700E09D12 /* Products */ = {
			isa = PBXGroup;
			children = (
				D096CBEF2AE6F7F700E09D12 /* ZarioTest.app */,
				D096CBFF2AE6F7FA00E09D12 /* ZarioTestTests.xctest */,
				D096CC092AE6F7FA00E09D12 /* ZarioTestUITests.xctest */,
			);
			name = Products;
			sourceTree = "<group>";
		};
		D096CBF12AE6F7F700E09D12 /* ZarioTest */ = {
			isa = PBXGroup;
			children = (
				D096CBF22AE6F7F700E09D12 /* ZarioTestApp.swift */,
				D096CBF42AE6F7F700E09D12 /* ContentView.swift */,
				D096CBF62AE6F7F900E09D12 /* Assets.xcassets */,
				D096CBF82AE6F7F900E09D12 /* Preview Content */,
			);
			path = ZarioTest;
			sourceTree = "<group>";
		};
		D096CBF82AE6F7F900E09D12 /* Preview Content */ = {
			isa = PBXGroup;
			children = (
				D096CBF92AE6F7F900E09D12 /* Preview Assets.xcassets */,
			);
			path = "Preview Content";
			sourceTree = "<group>";
		};
		D096CC022AE6F7FA00E09D12 /* ZarioTestTests */ = {
			isa = PBXGroup;
			children = (
				D096CC032AE6F7FA00E09D12 /* ZarioTestTests.swift */,
			);
			path = ZarioTestTests;
			sourceTree = "<group>";
		};
		D096CC0C2AE6F7FA00E09D12 /* ZarioTestUITests */ = {
			isa = PBXGroup;
			children = (
				D096CC0D2AE6F7FA00E09D12 /* ZarioTestUITests.swift */,
				D096CC0F2AE6F7FA00E09D12 /* ZarioTestUITestsLaunchTests.swift */,
			);
			path = ZarioTestUITests;
			sourceTree = "<group>";
		};
/* End PBXGroup section */

/* Begin PBXNativeTarget section */
		D096CBEE2AE6F7F700E09D12 /* ZarioTest */ = {
			isa = PBXNativeTarget;
			buildConfigurationList = D096CC132AE6F7FA00E09D12 /* Build configuration list for PBXNativeTarget "ZarioTest" */;
			buildPhases = (
				D096CBEB2AE6F7F700E09D12 /* Sources */,
				D096CBEC2AE6F7F700E09D12 /* Frameworks */,
				D096CBED2AE6F7F700E09D12 /* Resources */,
			);
			buildRules = (
			);
			dependencies = (
			);
			name = ZarioTest;
			productName = ZarioTest;
			productReference = D096CBEF2AE6F7F700E09D12 /* ZarioTest.app */;
			productType = "com.apple.product-type.application";
		};
		D096CBFE2AE6F7FA00E09D12 /* ZarioTestTests */ = {
			isa = PBXNativeTarget;
			buildConfigurationList = D096CC162AE6F7FA00E09D12 /* Build configuration list for PBXNativeTarget "ZarioTestTests" */;
			buildPhases = (
				D096CBFB2AE6F7FA00E09D12 /* Sources */,
				D096CBFC2AE6F7FA00E09D12 /* Frameworks */,
				D096CBFD2AE6F7FA00E09D12 /* Resources */,
			);
			buildRules = (
			);
			dependencies = (
				D096CC012AE6F7FA00E09D12 /* PBXTargetDependency */,
			);
			name = ZarioTestTests;
			productName = ZarioTestTests;
			productReference = D096CBFF2AE6F7FA00E09D12 /* ZarioTestTests.xctest */;
			productType = "com.apple.product-type.bundle.unit-test";
		};
		D096CC082AE6F7FA00E09D12 /* ZarioTestUITests */ = {
			isa = PBXNativeTarget;
			buildConfigurationList = D096CC192AE6F7FA00E09D12 /* Build configuration list for PBXNativeTarget "ZarioTestUITests" */;
			buildPhases = (
				D096CC052AE6F7FA00E09D12 /* Sources */,
				D096CC062AE6F7FA00E09D12 /* Frameworks */,
				D096CC072AE6F7FA00E09D12 /* Resources */,
			);
			buildRules = (
			);
			dependencies = (
				D096CC0B2AE6F7FA00E09D12 /* PBXTargetDependency */,
			);
			name = ZarioTestUITests;
			productName = ZarioTestUITests;
			productReference = D096CC092AE6F7FA00E09D12 /* ZarioTestUITests.xctest */;
			productType = "com.apple.product-type.bundle.ui-testing";
		};
/* End PBXNativeTarget section */

/* Begin PBXProject section */
		D096CBE72AE6F7F700E09D12 /* Project object */ = {
			isa = PBXProject;
			attributes = {
				BuildIndependentTargetsInParallel = 1;
				LastSwiftUpdateCheck = 1500;
				LastUpgradeCheck = 1500;
				TargetAttributes = {
					D096CBEE2AE6F7F700E09D12 = {
						CreatedOnToolsVersion = 15.0.1;
					};
					D096CBFE2AE6F7FA00E09D12 = {
						CreatedOnToolsVersion = 15.0.1;
						TestTargetID = D096CBEE2AE6F7F700E09D12;
					};
					D096CC082AE6F7FA00E09D12 = {
						CreatedOnToolsVersion = 15.0.1;
						TestTargetID = D096CBEE2AE6F7F700E09D12;
					};
				};
			};
			buildConfigurationList = D096CBEA2AE6F7F700E09D12 /* Build configuration list for PBXProject "ZarioTest" */;
			compatibilityVersion = "Xcode 14.0";
			developmentRegion = en;
			hasScannedForEncodings = 0;
			knownRegions = (
				en,
				Base,
			);
			mainGroup = D096CBE62AE6F7F700E09D12;
			productRefGroup = D096CBF02AE6F7F700E09D12 /* Products */;
			projectDirPath = "";
			projectRoot = "";
			targets = (
				D096CBEE2AE6F7F700E09D12 /* ZarioTest */,
				D096CBFE2AE6F7FA00E09D12 /* ZarioTestTests */,
				D096CC082AE6F7FA00E09D12 /* ZarioTestUITests */,
			);
		};
/* End PBXProject section */

/* Begin PBXResourcesBuildPhase section */
		D096CBED2AE6F7F700E09D12 /* Resources */ = {
			isa = PBXResourcesBuildPhase;
			buildActionMask = 2147483647;
			files = (
				D096CBFA2AE6F7F900E09D12 /* Preview Assets.xcassets in Resources */,
				D096CBF72AE6F7F900E09D12 /* Assets.xcassets in Resources */,
			);
			runOnlyForDeploymentPostprocessing = 0;
		};
		D096CBFD2AE6F7FA00E09D12 /* Resources */ = {
			isa = PBXResourcesBuildPhase;
			buildActionMask = 2147483647;
			files = (
			);
			runOnlyForDeploymentPostprocessing = 0;
		};
		D096CC072AE6F7FA00E09D12 /* Resources */ = {
			isa = PBXResourcesBuildPhase;
			buildActionMask = 2147483647;
			files = (
			);
			runOnlyForDeploymentPostprocessing = 0;
		};
/* End PBXResourcesBuildPhase section */

/* Begin PBXSourcesBuildPhase section */
		D096CBEB2AE6F7F700E09D12 /* Sources */ = {
			isa = PBXSourcesBuildPhase;
			buildActionMask = 2147483647;
			files = (
				D096CBF52AE6F7F700E09D12 /* ContentView.swift in Sources */,
				D096CBF32AE6F7F700E09D12 /* ZarioTestApp.swift in Sources */,
			);
			runOnlyForDeploymentPostprocessing = 0;
		};
		D096CBFB2AE6F7FA00E09D12 /* Sources */ = {
			isa = PBXSourcesBuildPhase;
			buildActionMask = 2147483647;
			files = (
				D096CC042AE6F7FA00E09D12 /* ZarioTestTests.swift in Sources */,
			);
			runOnlyForDeploymentPostprocessing = 0;
		};
		D096CC052AE6F7FA00E09D12 /* Sources */ = {
			isa = PBXSourcesBuildPhase;
			buildActionMask = 2147483647;
			files = (
				D096CC102AE6F7FA00E09D12 /* ZarioTestUITestsLaunchTests.swift in Sources */,
				D096CC0E2AE6F7FA00E09D12 /* ZarioTestUITests.swift in Sources */,
			);
			runOnlyForDeploymentPostprocessing = 0;
		};
/* End PBXSourcesBuildPhase section */

/* Begin PBXTargetDependency section */
		D096CC012AE6F7FA00E09D12 /* PBXTargetDependency */ = {
			isa = PBXTargetDependency;
			target = D096CBEE2AE6F7F700E09D12 /* ZarioTest */;
			targetProxy = D096CC002AE6F7FA00E09D12 /* PBXContainerItemProxy */;
		};
		D096CC0B2AE6F7FA00E09D12 /* PBXTargetDependency */ = {
			isa = PBXTargetDependency;
			target = D096CBEE2AE6F7F700E09D12 /* ZarioTest */;
			targetProxy = D096CC0A2AE6F7FA00E09D12 /* PBXContainerItemProxy */;
		};
/* End PBXTargetDependency section */

/* Begin XCBuildConfiguration section */
		D096CC112AE6F7FA00E09D12 /* Debug */ = {
			isa = XCBuildConfiguration;
			buildSettings = {
				ALWAYS_SEARCH_USER_PATHS = NO;
				ASSETCATALOG_COMPILER_GENERATE_SWIFT_ASSET_SYMBOL_EXTENSIONS = YES;
				CLANG_ANALYZER_NONNULL = YES;
				CLANG_ANALYZER_NUMBER_OBJECT_CONVERSION = YES_AGGRESSIVE;
				CLANG_CXX_LANGUAGE_STANDARD = "gnu++20";
				CLANG_ENABLE_MODULES = YES;
				CLANG_ENABLE_OBJC_ARC = YES;
				CLANG_ENABLE_OBJC_WEAK = YES;
				CLANG_WARN_BLOCK_CAPTURE_AUTORELEASING = YES;
				CLANG_WARN_BOOL_CONVERSION = YES;
				CLANG_WARN_COMMA = YES;
				CLANG_WARN_CONSTANT_CONVERSION = YES;
				CLANG_WARN_DEPRECATED_OBJC_IMPLEMENTATIONS = YES;
				CLANG_WARN_DIRECT_OBJC_ISA_USAGE = YES_ERROR;
				CLANG_WARN_DOCUMENTATION_COMMENTS = YES;
				CLANG_WARN_EMPTY_BODY = YES;
				CLANG_WARN_ENUM_CONVERSION = YES;
				CLANG_WARN_INFINITE_RECURSION = YES;
				CLANG_WARN_INT_CONVERSION = YES;
				CLANG_WARN_NON_LITERAL_NULL_CONVERSION = YES;
				CLANG_WARN_OBJC_IMPLICIT_RETAIN_SELF = YES;
				CLANG_WARN_OBJC_LITERAL_CONVERSION = YES;
				CLANG_WARN_OBJC_ROOT_CLASS = YES_ERROR;
				CLANG_WARN_QUOTED_INCLUDE_IN_FRAMEWORK_HEADER = YES;
				CLANG_WARN_RANGE_LOOP_ANALYSIS = YES;
				CLANG_WARN_STRICT_PROTOTYPES = YES;
				CLANG_WARN_SUSPICIOUS_MOVE = YES;
				CLANG_WARN_UNGUARDED_AVAILABILITY = YES_AGGRESSIVE;
				CLANG_WARN_UNREACHABLE_CODE = YES;
				CLANG_WARN__DUPLICATE_METHOD_MATCH = YES;
				COPY_PHASE_STRIP = NO;
				DEBUG_INFORMATION_FORMAT = dwarf;
				ENABLE_STRICT_OBJC_MSGSEND = YES;
				ENABLE_TESTABILITY = YES;
				ENABLE_USER_SCRIPT_SANDBOXING = YES;
				GCC_C_LANGUAGE_STANDARD = gnu17;
				GCC_DYNAMIC_NO_PIC = NO;
				GCC_NO_COMMON_BLOCKS = YES;
				GCC_OPTIMIZATION_LEVEL = 0;
				GCC_PREPROCESSOR_DEFINITIONS = (
					"DEBUG=1",
					"$(inherited)",
				);
				GCC_WARN_64_TO_32_BIT_CONVERSION = YES;
				GCC_WARN_ABOUT_RETURN_TYPE = YES_ERROR;
				GCC_WARN_UNDECLARED_SELECTOR = YES;
				GCC_WARN_UNINITIALIZED_AUTOS = YES_AGGRESSIVE;
				GCC_WARN_UNUSED_FUNCTION = YES;
				GCC_WARN_UNUSED_VARIABLE = YES;
				IPHONEOS_DEPLOYMENT_TARGET = 17.0;
				LOCALIZATION_PREFERS_STRING_CATALOGS = YES;
				MTL_ENABLE_DEBUG_INFO = INCLUDE_SOURCE;
				MTL_FAST_MATH = YES;
				ONLY_ACTIVE_ARCH = YES;
				SDKROOT = iphoneos;
				SWIFT_ACTIVE_COMPILATION_CONDITIONS = "DEBUG $(inherited)";
				SWIFT_OPTIMIZATION_LEVEL = "-Onone";
			};
			name = Debug;
		};
		D096CC122AE6F7FA00E09D12 /* Release */ = {
			isa = XCBuildConfiguration;
			buildSettings = {
				ALWAYS_SEARCH_USER_PATHS = NO;
				ASSETCATALOG_COMPILER_GENERATE_SWIFT_ASSET_SYMBOL_EXTENSIONS = YES;
				CLANG_ANALYZER_NONNULL = YES;
				CLANG_ANALYZER_NUMBER_OBJECT_CONVERSION = YES_AGGRESSIVE;
				CLANG_CXX_LANGUAGE_STANDARD = "gnu++20";
				CLANG_ENABLE_MODULES = YES;
				CLANG_ENABLE_OBJC_ARC = YES;
				CLANG_ENABLE_OBJC_WEAK = YES;
				CLANG_WARN_BLOCK_CAPTURE_AUTORELEASING = YES;
				CLANG_WARN_BOOL_CONVERSION = YES;
				CLANG_WARN_COMMA = YES;
				CLANG_WARN_CONSTANT_CONVERSION = YES;
				CLANG_WARN_DEPRECATED_OBJC_IMPLEMENTATIONS = YES;
				CLANG_WARN_DIRECT_OBJC_ISA_USAGE = YES_ERROR;
				CLANG_WARN_DOCUMENTATION_COMMENTS = YES;
				CLANG_WARN_EMPTY_BODY = YES;
				CLANG_WARN_ENUM_CONVERSION = YES;
				CLANG_WARN_INFINITE_RECURSION = YES;
				CLANG_WARN_INT_CONVERSION = YES;
				CLANG_WARN_NON_LITERAL_NULL_CONVERSION = YES;
				CLANG_WARN_OBJC_IMPLICIT_RETAIN_SELF = YES;
				CLANG_WARN_OBJC_LITERAL_CONVERSION = YES;
				CLANG_WARN_OBJC_ROOT_CLASS = YES_ERROR;
				CLANG_WARN_QUOTED_INCLUDE_IN_FRAMEWORK_HEADER = YES;
				CLANG_WARN_RANGE_LOOP_ANALYSIS = YES;
				CLANG_WARN_STRICT_PROTOTYPES = YES;
				CLANG_WARN_SUSPICIOUS_MOVE = YES;
				CLANG_WARN_UNGUARDED_AVAILABILITY = YES_AGGRESSIVE;
				CLANG_WARN_UNREACHABLE_CODE = YES;
				CLANG_WARN__DUPLICATE_METHOD_MATCH = YES;
				COPY_PHASE_STRIP = NO;
				DEBUG_INFORMATION_FORMAT = "dwarf-with-dsym";
				ENABLE_NS_ASSERTIONS = NO;
				ENABLE_STRICT_OBJC_MSGSEND = YES;
				ENABLE_USER_SCRIPT_SANDBOXING = YES;
				GCC_C_LANGUAGE_STANDARD = gnu17;
				GCC_NO_COMMON_BLOCKS = YES;
				GCC_WARN_64_TO_32_BIT_CONVERSION = YES;
				GCC_WARN_ABOUT_RETURN_TYPE = YES_ERROR;
				GCC_WARN_UNDECLARED_SELECTOR = YES;
				GCC_WARN_UNINITIALIZED_AUTOS = YES_AGGRESSIVE;
				GCC_WARN_UNUSED_FUNCTION = YES;
				GCC_WARN_UNUSED_VARIABLE = YES;
				IPHONEOS_DEPLOYMENT_TARGET = 17.0;
				LOCALIZATION_PREFERS_STRING_CATALOGS = YES;
				MTL_ENABLE_DEBUG_INFO = NO;
				MTL_FAST_MATH = YES;
				SDKROOT = iphoneos;
				SWIFT_COMPILATION_MODE = wholemodule;
				VALIDATE_PRODUCT = YES;
			};
			name = Release;
		};
		D096CC142AE6F7FA00E09D12 /* Debug */ = {
			isa = XCBuildConfiguration;
			buildSettings = {
				ASSETCATALOG_COMPILER_APPICON_NAME = AppIcon;
				ASSETCATALOG_COMPILER_GLOBAL_ACCENT_COLOR_NAME = AccentColor;
				CODE_SIGN_STYLE = Automatic;
				CURRENT_PROJECT_VERSION = 1;
				DEVELOPMENT_ASSET_PATHS = "\"ZarioTest/Preview Content\"";
				ENABLE_PREVIEWS = YES;
				GENERATE_INFOPLIST_FILE = YES;
				INFOPLIST_KEY_UIApplicationSceneManifest_Generation = YES;
				INFOPLIST_KEY_UIApplicationSupportsIndirectInputEvents = YES;
				INFOPLIST_KEY_UILaunchScreen_Generation = YES;
				INFOPLIST_KEY_UISupportedInterfaceOrientations_iPad = "UIInterfaceOrientationPortrait UIInterfaceOrientationPortraitUpsideDown UIInterfaceOrientationLandscapeLeft UIInterfaceOrientationLandscapeRight";
				INFOPLIST_KEY_UISupportedInterfaceOrientations_iPhone = "UIInterfaceOrientationPortrait UIInterfaceOrientationLandscapeLeft UIInterfaceOrientationLandscapeRight";
				LD_RUNPATH_SEARCH_PATHS = (
					"$(inherited)",
					"@executable_path/Frameworks",
				);
				MARKETING_VERSION = 1.0;
				PRODUCT_BUNDLE_IDENTIFIER = dev.biaherculano.ZarioTest;
				PRODUCT_NAME = "$(TARGET_NAME)";
				SWIFT_EMIT_LOC_STRINGS = YES;
				SWIFT_VERSION = 5.0;
				TARGETED_DEVICE_FAMILY = "1,2";
			};
			name = Debug;
		};
		D096CC152AE6F7FA00E09D12 /* Release */ = {
			isa = XCBuildConfiguration;
			buildSettings = {
				ASSETCATALOG_COMPILER_APPICON_NAME = AppIcon;
				ASSETCATALOG_COMPILER_GLOBAL_ACCENT_COLOR_NAME = AccentColor;
				CODE_SIGN_STYLE = Automatic;
				CURRENT_PROJECT_VERSION = 1;
				DEVELOPMENT_ASSET_PATHS = "\"ZarioTest/Preview Content\"";
				ENABLE_PREVIEWS = YES;
				GENERATE_INFOPLIST_FILE = YES;
				INFOPLIST_KEY_UIApplicationSceneManifest_Generation = YES;
				INFOPLIST_KEY_UIApplicationSupportsIndirectInputEvents = YES;
				INFOPLIST_KEY_UILaunchScreen_Generation = YES;
				INFOPLIST_KEY_UISupportedInterfaceOrientations_iPad = "UIInterfaceOrientationPortrait UIInterfaceOrientationPortraitUpsideDown UIInterfaceOrientationLandscapeLeft UIInterfaceOrientationLandscapeRight";
				INFOPLIST_KEY_UISupportedInterfaceOrientations_iPhone = "UIInterfaceOrientationPortrait UIInterfaceOrientationLandscapeLeft UIInterfaceOrientationLandscapeRight";
				LD_RUNPATH_SEARCH_PATHS = (
					"$(inherited)",
					"@executable_path/Frameworks",
				);
				MARKETING_VERSION = 1.0;
				PRODUCT_BUNDLE_IDENTIFIER = dev.biaherculano.ZarioTest;
				PRODUCT_NAME = "$(TARGET_NAME)";
				SWIFT_EMIT_LOC_STRINGS = YES;
				SWIFT_VERSION = 5.0;
				TARGETED_DEVICE_FAMILY = "1,2";
			};
			name = Release;
		};
		D096CC172AE6F7FA00E09D12 /* Debug */ = {
			isa = XCBuildConfiguration;
			buildSettings = {
				ALWAYS_EMBED_SWIFT_STANDARD_LIBRARIES = YES;
				BUNDLE_LOADER = "$(TEST_HOST)";
				CODE_SIGN_STYLE = Automatic;
				CURRENT_PROJECT_VERSION = 1;
				GENERATE_INFOPLIST_FILE = YES;
				IPHONEOS_DEPLOYMENT_TARGET = 17.0;
				MARKETING_VERSION = 1.0;
				PRODUCT_BUNDLE_IDENTIFIER = dev.biaherculano.ZarioTestTests;
				PRODUCT_NAME = "$(TARGET_NAME)";
				SWIFT_EMIT_LOC_STRINGS = NO;
				SWIFT_VERSION = 5.0;
				TARGETED_DEVICE_FAMILY = "1,2";
				TEST_HOST = "$(BUILT_PRODUCTS_DIR)/ZarioTest.app/$(BUNDLE_EXECUTABLE_FOLDER_PATH)/ZarioTest";
			};
			name = Debug;
		};
		D096CC182AE6F7FA00E09D12 /* Release */ = {
			isa = XCBuildConfiguration;
			buildSettings = {
				ALWAYS_EMBED_SWIFT_STANDARD_LIBRARIES = YES;
				BUNDLE_LOADER = "$(TEST_HOST)";
				CODE_SIGN_STYLE = Automatic;
				CURRENT_PROJECT_VERSION = 1;
				GENERATE_INFOPLIST_FILE = YES;
				IPHONEOS_DEPLOYMENT_TARGET = 17.0;
				MARKETING_VERSION = 1.0;
				PRODUCT_BUNDLE_IDENTIFIER = dev.biaherculano.ZarioTestTests;
				PRODUCT_NAME = "$(TARGET_NAME)";
				SWIFT_EMIT_LOC_STRINGS = NO;
				SWIFT_VERSION = 5.0;
				TARGETED_DEVICE_FAMILY = "1,2";
				TEST_HOST = "$(BUILT_PRODUCTS_DIR)/ZarioTest.app/$(BUNDLE_EXECUTABLE_FOLDER_PATH)/ZarioTest";
			};
			name = Release;
		};
		D096CC1A2AE6F7FA00E09D12 /* Debug */ = {
			isa = XCBuildConfiguration;
			buildSettings = {
				ALWAYS_EMBED_SWIFT_STANDARD_LIBRARIES = YES;
				CODE_SIGN_STYLE = Automatic;
				CURRENT_PROJECT_VERSION = 1;
				GENERATE_INFOPLIST_FILE = YES;
				MARKETING_VERSION = 1.0;
				PRODUCT_BUNDLE_IDENTIFIER = dev.biaherculano.ZarioTestUITests;
				PRODUCT_NAME = "$(TARGET_NAME)";
				SWIFT_EMIT_LOC_STRINGS = NO;
				SWIFT_VERSION = 5.0;
				TARGETED_DEVICE_FAMILY = "1,2";
				TEST_TARGET_NAME = ZarioTest;
			};
			name = Debug;
		};
		D096CC1B2AE6F7FA00E09D12 /* Release */ = {
			isa = XCBuildConfiguration;
			buildSettings = {
				ALWAYS_EMBED_SWIFT_STANDARD_LIBRARIES = YES;
				CODE_SIGN_STYLE = Automatic;
				CURRENT_PROJECT_VERSION = 1;
				GENERATE_INFOPLIST_FILE = YES;
				MARKETING_VERSION = 1.0;
				PRODUCT_BUNDLE_IDENTIFIER = dev.biaherculano.ZarioTestUITests;
				PRODUCT_NAME = "$(TARGET_NAME)";
				SWIFT_EMIT_LOC_STRINGS = NO;
				SWIFT_VERSION = 5.0;
				TARGETED_DEVICE_FAMILY = "1,2";
				TEST_TARGET_NAME = ZarioTest;
			};
			name = Release;
		};
/* End XCBuildConfiguration section */

/* Begin XCConfigurationList section */
		D096CBEA2AE6F7F700E09D12 /* Build configuration list for PBXProject "ZarioTest" */ = {
			isa = XCConfigurationList;
			buildConfigurations = (
				D096CC112AE6F7FA00E09D12 /* Debug */,
				D096CC122AE6F7FA00E09D12 /* Release */,
			);
			defaultConfigurationIsVisible = 0;
			defaultConfigurationName = Release;
		};
		D096CC132AE6F7FA00E09D12 /* Build configuration list for PBXNativeTarget "ZarioTest" */ = {
			isa = XCConfigurationList;
			buildConfigurations = (
				D096CC142AE6F7FA00E09D12 /* Debug */,
				D096CC152AE6F7FA00E09D12 /* Release */,
			);
			defaultConfigurationIsVisible = 0;
			defaultConfigurationName = Release;
		};
		D096CC162AE6F7FA00E09D12 /* Build configuration list for PBXNativeTarget "ZarioTestTests" */ = {
			isa = XCConfigurationList;
			buildConfigurations = (
				D096CC172AE6F7FA00E09D12 /* Debug */,
				D096CC182AE6F7FA00E09D12 /* Release */,
			);
			defaultConfigurationIsVisible = 0;
			defaultConfigurationName = Release;
		};
		D096CC192AE6F7FA00E09D12 /* Build configuration list for PBXNativeTarget "ZarioTestUITests" */ = {
			isa = XCConfigurationList;
			buildConfigurations = (
				D096CC1A2AE6F7FA00E09D12 /* Debug */,
				D096CC1B2AE6F7FA00E09D12 /* Release */,
			);
			defaultConfigurationIsVisible = 0;
			defaultConfigurationName = Release;
		};
/* End XCConfigurationList section */
	};
	rootObject = D096CBE72AE6F7F700E09D12 /* Project object */;
}
